
Microsoft Visual Studio Solution File, Format Version 12.00
# Visual Studio Version 16
VisualStudioVersion = 16.0.31005.135
MinimumVisualStudioVersion = 10.0.40219.1
Project("{FAE04EC0-301F-11D3-BF4B-00C04F79EFBC}") = "WarframeLauncher", "WarframeLauncher\WarframeLauncher.csproj", "{58F01575-0AB6-4C68-82C9-C3D5413F08E7}"
EndProject
Global
	GlobalSection(SolutionConfigurationPlatforms) = preSolution
		Debug|Any CPU = Debug|Any CPU
		Release|Any CPU = Release|Any CPU
	EndGlobalSection
	GlobalSection(ProjectConfigurationPlatforms) = postSolution
		{58F01575-0AB6-4C68-82C9-C3D5413F08E7}.Debug|Any CPU.ActiveCfg = Debug|Any CPU
		{58F01575-0AB6-4C68-82C9-C3D5413F08E7}.Debug|Any CPU.Build.0 = Debug|Any CPU
		{58F01575-0AB6-4C68-82C9-C3D5413F08E7}.Release|Any CPU.ActiveCfg = Release|Any CPU
		{58F01575-0AB6-4C68-82C9-C3D5413F08E7}.Release|Any CPU.Build.0 = Release|Any CPU
	EndGlobalSection
	GlobalSection(SolutionProperties) = preSolution
		HideSolutionNode = FALSE
	EndGlobalSection
	GlobalSection(ExtensibilityGlobals) = postSolution
		SolutionGuid = {8DEEB3F2-459E-45E6-8421-D6119C1A2176}
	EndGlobalSection
EndGlobal
